
Microsoft Visual Studio Solution File, Format Version 12.00
# Visual Studio Version 17
VisualStudioVersion = 17.2.32630.192
MinimumVisualStudioVersion = 10.0.40219.1
Project("{9A19103F-16F7-4668-BE54-9A1E7A4F7556}") = "R5T.L0082.Construction", "R5T.L0082.Construction\R5T.L0082.Construction.csproj", "{EE802A6E-89D2-4649-89CC-D7903FECA29B}"
EndProject
Project("{9A19103F-16F7-4668-BE54-9A1E7A4F7556}") = "R5T.L0082", "R5T.L0082\R5T.L0082.csproj", "{434E7B10-FCDC-4FD2-B23E-A0936363661E}"
EndProject
Project("{9A19103F-16F7-4668-BE54-9A1E7A4F7556}") = "R5T.L0082.T000", "R5T.L0082.T000\R5T.L0082.T000.csproj", "{78C10F15-446E-4191-A992-829B94A9CEA3}"
EndProject
Project("{2150E333-8FDC-42A3-9474-1A3956D46DE8}") = "_Dependencies", "_Dependencies", "{330A5A53-836E-441A-B21F-99619970FAAD}"
EndProject
Project("{9A19103F-16F7-4668-BE54-9A1E7A4F7556}") = "R5T.F0000", "..\..\R5T.F0000\source\R5T.F0000\R5T.F0000.csproj", "{594E8D09-E975-45C6-8D6B-1B058AF21119}"
EndProject
Project("{9A19103F-16F7-4668-BE54-9A1E7A4F7556}") = "R5T.F0002", "..\..\R5T.F0002\source\R5T.F0002\R5T.F0002.csproj", "{DE00CCDA-4D4E-4027-9C8D-AACD5364C992}"
EndProject
Project("{9A19103F-16F7-4668-BE54-9A1E7A4F7556}") = "R5T.F0059", "..\..\R5T.F0059\source\R5T.F0059\R5T.F0059.csproj", "{6C43E219-50DA-44C6-B336-CD0B76635672}"
EndProject
Project("{9A19103F-16F7-4668-BE54-9A1E7A4F7556}") = "R5T.F0120", "..\..\R5T.F0120\source\R5T.F0120\R5T.F0120.csproj", "{48AC51D9-683E-47B8-A81F-8B40EF9D683C}"
EndProject
Project("{9A19103F-16F7-4668-BE54-9A1E7A4F7556}") = "R5T.F0124", "..\..\R5T.F0124\source\R5T.F0124\R5T.F0124.csproj", "{DA972103-0189-4CD0-9216-8DE60F29EE56}"
EndProject
Project("{9A19103F-16F7-4668-BE54-9A1E7A4F7556}") = "R5T.F0125", "..\..\R5T.F0125\source\R5T.F0125\R5T.F0125.csproj", "{CE8117D0-A0D9-4C27-ABAE-222D7B206486}"
EndProject
Project("{9A19103F-16F7-4668-BE54-9A1E7A4F7556}") = "R5T.L0030.T000", "..\..\R5T.L0030\source\R5T.L0030.T000\R5T.L0030.T000.csproj", "{25D57C0A-7D48-458E-A733-C11ECB1EEB80}"
EndProject
Project("{9A19103F-16F7-4668-BE54-9A1E7A4F7556}") = "R5T.L0030", "..\..\R5T.L0030\source\R5T.L0030\R5T.L0030.csproj", "{B2F8E60E-7A80-4B21-B5E6-1E3164760E09}"
EndProject
Project("{9A19103F-16F7-4668-BE54-9A1E7A4F7556}") = "R5T.L0034", "..\..\R5T.L0034\source\R5T.L0034\R5T.L0034.csproj", "{D419E6DD-6C54-4EC2-A663-214E45FBCD3B}"
EndProject
Project("{9A19103F-16F7-4668-BE54-9A1E7A4F7556}") = "R5T.L0035", "..\..\R5T.L0035\source\R5T.L0035\R5T.L0035.csproj", "{D4993FC2-DBCB-4C45-A769-68560334283F}"
EndProject
Project("{9A19103F-16F7-4668-BE54-9A1E7A4F7556}") = "R5T.L0053", "..\..\R5T.L0053\source\R5T.L0053\R5T.L0053.csproj", "{9B90EBD4-993A-443E-B467-525CD1DFC1B0}"
EndProject
Project("{9A19103F-16F7-4668-BE54-9A1E7A4F7556}") = "R5T.L0056", "..\..\R5T.L0056\source\R5T.L0056\R5T.L0056.csproj", "{452B4831-7689-45DC-AF2B-8FD25582F68C}"
EndProject
Project("{9A19103F-16F7-4668-BE54-9A1E7A4F7556}") = "R5T.L0066", "..\..\R5T.L0066\source\R5T.L0066\R5T.L0066.csproj", "{BBA6F30F-B78D-41F8-861E-D26BC14429B0}"
EndProject
Project("{9A19103F-16F7-4668-BE54-9A1E7A4F7556}") = "R5T.L0071", "..\..\R5T.L0071\source\R5T.L0071\R5T.L0071.csproj", "{F83D461D-CD2A-4776-BC9D-B970D2FEFC2F}"
EndProject
Project("{9A19103F-16F7-4668-BE54-9A1E7A4F7556}") = "R5T.L0074", "..\..\R5T.L0074\source\R5T.L0074\R5T.L0074.csproj", "{80212AFF-5404-47DA-B459-2E61DB0A34B9}"
EndProject
Project("{9A19103F-16F7-4668-BE54-9A1E7A4F7556}") = "R5T.NG0006", "..\..\R5T.NG0006\source\R5T.NG0006\R5T.NG0006.csproj", "{FC067CB3-999E-473E-9C13-A04E629AE60A}"
EndProject
Project("{9A19103F-16F7-4668-BE54-9A1E7A4F7556}") = "R5T.NG0022", "..\..\R5T.NG0022\source\R5T.NG0022\R5T.NG0022.csproj", "{9EF95687-78E8-4438-B1AF-C34D54DFA530}"
EndProject
Project("{9A19103F-16F7-4668-BE54-9A1E7A4F7556}") = "R5T.T0131", "..\..\R5T.T0131\source\R5T.T0131\R5T.T0131.csproj", "{26512A4F-2E20-4A92-A095-DD10E96C7283}"
EndProject
Project("{9A19103F-16F7-4668-BE54-9A1E7A4F7556}") = "R5T.T0132", "..\..\R5T.T0132\source\R5T.T0132\R5T.T0132.csproj", "{C6A7973F-7AE3-49B3-9C64-34E40ECE1261}"
EndProject
Project("{9A19103F-16F7-4668-BE54-9A1E7A4F7556}") = "R5T.T0142", "..\..\R5T.T0142\source\R5T.T0142\R5T.T0142.csproj", "{F9D8980D-797A-4BD4-9591-501479618770}"
EndProject
Project("{9A19103F-16F7-4668-BE54-9A1E7A4F7556}") = "R5T.T0143", "..\..\R5T.T0143\source\R5T.T0143\R5T.T0143.csproj", "{1D7411C0-3986-4704-8C8C-11D7E5C1BB6C}"
EndProject
Project("{9A19103F-16F7-4668-BE54-9A1E7A4F7556}") = "R5T.T0150", "..\..\R5T.T0150\source\R5T.T0150\R5T.T0150.csproj", "{869956D2-29C5-4262-BDA0-0D613F8FE31B}"
EndProject
Project("{9A19103F-16F7-4668-BE54-9A1E7A4F7556}") = "R5T.T0151", "..\..\R5T.T0151\source\R5T.T0151\R5T.T0151.csproj", "{C4B6D110-539D-4DB1-AD43-C7533441A78E}"
EndProject
Project("{9A19103F-16F7-4668-BE54-9A1E7A4F7556}") = "R5T.T0156", "..\..\R5T.T0156\source\R5T.T0156\R5T.T0156.csproj", "{1608EAFE-470A-4B09-9F74-336550D7BF45}"
EndProject
Project("{9A19103F-16F7-4668-BE54-9A1E7A4F7556}") = "R5T.T0158", "..\..\R5T.T0158\source\R5T.T0158\R5T.T0158.csproj", "{5A10FB48-B5C6-4323-8D39-A1B2173267D2}"
EndProject
Project("{9A19103F-16F7-4668-BE54-9A1E7A4F7556}") = "R5T.T0159", "..\..\R5T.T0159\source\R5T.T0159\R5T.T0159.csproj", "{93894806-359A-44BD-8E68-D341357D003B}"
EndProject
Project("{9A19103F-16F7-4668-BE54-9A1E7A4F7556}") = "R5T.T0172", "..\..\R5T.T0172\source\R5T.T0172\R5T.T0172.csproj", "{9D4DB6B7-FF12-421E-8300-4F28ADAABD42}"
EndProject
Project("{9A19103F-16F7-4668-BE54-9A1E7A4F7556}") = "R5T.T0174", "..\..\R5T.T0174\source\R5T.T0174\R5T.T0174.csproj", "{F4DA6621-EBA3-4D1F-95B9-7560305F93FC}"
EndProject
Project("{9A19103F-16F7-4668-BE54-9A1E7A4F7556}") = "R5T.T0176", "..\..\R5T.T0176\source\R5T.T0176\R5T.T0176.csproj", "{E0AEB0B1-E438-49E7-BC0D-110AD8DB1080}"
EndProject
Project("{9A19103F-16F7-4668-BE54-9A1E7A4F7556}") = "R5T.T0177", "..\..\R5T.T0177\source\R5T.T0177\R5T.T0177.csproj", "{4334EE73-61A9-4336-B07F-A4C2E6484DE2}"
EndProject
Project("{9A19103F-16F7-4668-BE54-9A1E7A4F7556}") = "R5T.T0178", "..\..\R5T.T0178\source\R5T.T0178\R5T.T0178.csproj", "{3C48C0AC-1C03-46F7-BD33-ED6E0BC50A7E}"
EndProject
Project("{9A19103F-16F7-4668-BE54-9A1E7A4F7556}") = "R5T.T0179", "..\..\R5T.T0179\source\R5T.T0179\R5T.T0179.csproj", "{696ECECC-2D4D-4ABF-BE30-B8B255F69E6A}"
EndProject
Project("{9A19103F-16F7-4668-BE54-9A1E7A4F7556}") = "R5T.T0180", "..\..\R5T.T0180\source\R5T.T0180\R5T.T0180.csproj", "{5C1070F1-BFD0-4271-A89E-1CFD34402E31}"
EndProject
Project("{9A19103F-16F7-4668-BE54-9A1E7A4F7556}") = "R5T.T0181", "..\..\R5T.T0181\source\R5T.T0181\R5T.T0181.csproj", "{6016356E-41DA-4044-9965-E67EE581227A}"
EndProject
Project("{9A19103F-16F7-4668-BE54-9A1E7A4F7556}") = "R5T.T0185", "..\..\R5T.T0185\source\R5T.T0185\R5T.T0185.csproj", "{CD337A61-D32E-4B95-B088-51F599E7DC62}"
EndProject
Project("{9A19103F-16F7-4668-BE54-9A1E7A4F7556}") = "R5T.T0199.T000", "..\..\R5T.T0199\source\R5T.T0199.T000\R5T.T0199.T000.csproj", "{EF1274F5-6A94-4B5A-9706-6EB3F885E74E}"
EndProject
Project("{9A19103F-16F7-4668-BE54-9A1E7A4F7556}") = "R5T.T0199.T001", "..\..\R5T.T0199\source\R5T.T0199.T001\R5T.T0199.T001.csproj", "{7EF597BA-A732-4A91-8190-741BB80321F7}"
EndProject
Project("{9A19103F-16F7-4668-BE54-9A1E7A4F7556}") = "R5T.T0199", "..\..\R5T.T0199\source\R5T.T0199\R5T.T0199.csproj", "{182CA861-28FE-4B08-A6D1-5BBD1F9DDB26}"
EndProject
Project("{9A19103F-16F7-4668-BE54-9A1E7A4F7556}") = "R5T.T0203", "..\..\R5T.T0203\source\R5T.T0203\R5T.T0203.csproj", "{79C05490-AD0D-45EC-A7CC-2150CC2C4687}"
EndProject
Project("{9A19103F-16F7-4668-BE54-9A1E7A4F7556}") = "R5T.T0213", "..\..\R5T.T0213\source\R5T.T0213\R5T.T0213.csproj", "{B9444DC6-AC36-48A6-9345-0AF5E3646ACB}"
EndProject
Project("{9A19103F-16F7-4668-BE54-9A1E7A4F7556}") = "R5T.T0218", "..\..\R5T.T0218\source\R5T.T0218\R5T.T0218.csproj", "{C4793727-535E-4B8D-8449-1609358BD40C}"
EndProject
Project("{9A19103F-16F7-4668-BE54-9A1E7A4F7556}") = "R5T.T0219", "..\..\R5T.T0219\source\R5T.T0219\R5T.T0219.csproj", "{78B37CC2-079F-4543-B4C9-3150E2E0013A}"
EndProject
Project("{9A19103F-16F7-4668-BE54-9A1E7A4F7556}") = "R5T.T0220", "..\..\R5T.T0220\source\R5T.T0220\R5T.T0220.csproj", "{1A2CD709-EBBA-48FB-AA4C-787B3EC7407B}"
EndProject
Project("{9A19103F-16F7-4668-BE54-9A1E7A4F7556}") = "R5T.T0221", "..\..\R5T.T0221\source\R5T.T0221\R5T.T0221.csproj", "{F20A5DDA-EB34-4FF1-91DA-B678FB920EF7}"
EndProject
Project("{9A19103F-16F7-4668-BE54-9A1E7A4F7556}") = "R5T.T0227", "..\..\R5T.T0227\source\R5T.T0227\R5T.T0227.csproj", "{ED5BE903-6EB2-4506-B4C5-F31AC78ECF9F}"
EndProject
Project("{9A19103F-16F7-4668-BE54-9A1E7A4F7556}") = "R5T.Y0000", "..\..\R5T.Y0000\source\R5T.Y0000\R5T.Y0000.csproj", "{A7CC9173-E031-47DF-A295-7F8B9FD2D883}"
EndProject
Project("{9A19103F-16F7-4668-BE54-9A1E7A4F7556}") = "R5T.Y0006", "..\..\R5T.Y0006\source\R5T.Y0006\R5T.Y0006.csproj", "{FFC3416F-DF08-476E-A0BC-87FB4312D5D9}"
EndProject
Project("{9A19103F-16F7-4668-BE54-9A1E7A4F7556}") = "R5T.Z0000", "..\..\R5T.Z0000\source\R5T.Z0000\R5T.Z0000.csproj", "{9EBDE943-AEF7-49C6-91F6-F4A47B77EC4F}"
EndProject
Project("{9A19103F-16F7-4668-BE54-9A1E7A4F7556}") = "R5T.Z0010.Platform", "..\..\R5T.Z0010\source\R5T.Z0010.Platform\R5T.Z0010.Platform.csproj", "{5EF845A1-968E-4017-8797-710850870B97}"
EndProject
Project("{9A19103F-16F7-4668-BE54-9A1E7A4F7556}") = "R5T.Z0010", "..\..\R5T.Z0010\source\R5T.Z0010\R5T.Z0010.csproj", "{95149D86-40AD-49AE-89CA-3F2020F19460}"
EndProject
Project("{9A19103F-16F7-4668-BE54-9A1E7A4F7556}") = "R5T.Z0057.Platform", "..\..\R5T.Z0057\source\R5T.Z0057.Platform\R5T.Z0057.Platform.csproj", "{830922BE-02C3-4F04-8045-5D228A4A35CD}"
EndProject
Project("{9A19103F-16F7-4668-BE54-9A1E7A4F7556}") = "R5T.Z0057", "..\..\R5T.Z0057\source\R5T.Z0057\R5T.Z0057.csproj", "{D5D5ACBD-E1D0-431D-B083-16600064DBE7}"
EndProject
Project("{9A19103F-16F7-4668-BE54-9A1E7A4F7556}") = "R5T.Z0058", "..\..\R5T.Z0058\source\R5T.Z0058\R5T.Z0058.csproj", "{3A9F62FC-9572-4587-8470-40F87BC15A97}"
EndProject
Project("{9A19103F-16F7-4668-BE54-9A1E7A4F7556}") = "R5T.T0239", "..\..\R5T.T0239\source\R5T.T0239\R5T.T0239.csproj", "{50B01FE1-1F6A-4D42-A841-845E01477961}"
EndProject
Project("{9A19103F-16F7-4668-BE54-9A1E7A4F7556}") = "R5T.L0082.O000", "R5T.L0082.O000\R5T.L0082.O000.csproj", "{FD2D066E-94FC-49AA-B4F6-09FAC04575CB}"
EndProject
Global
	GlobalSection(NestedProjects) = preSolution
		{594E8D09-E975-45C6-8D6B-1B058AF21119} = {330A5A53-836E-441A-B21F-99619970FAAD}
		{DE00CCDA-4D4E-4027-9C8D-AACD5364C992} = {330A5A53-836E-441A-B21F-99619970FAAD}
		{6C43E219-50DA-44C6-B336-CD0B76635672} = {330A5A53-836E-441A-B21F-99619970FAAD}
		{48AC51D9-683E-47B8-A81F-8B40EF9D683C} = {330A5A53-836E-441A-B21F-99619970FAAD}
		{DA972103-0189-4CD0-9216-8DE60F29EE56} = {330A5A53-836E-441A-B21F-99619970FAAD}
		{CE8117D0-A0D9-4C27-ABAE-222D7B206486} = {330A5A53-836E-441A-B21F-99619970FAAD}
		{25D57C0A-7D48-458E-A733-C11ECB1EEB80} = {330A5A53-836E-441A-B21F-99619970FAAD}
		{B2F8E60E-7A80-4B21-B5E6-1E3164760E09} = {330A5A53-836E-441A-B21F-99619970FAAD}
		{D419E6DD-6C54-4EC2-A663-214E45FBCD3B} = {330A5A53-836E-441A-B21F-99619970FAAD}
		{D4993FC2-DBCB-4C45-A769-68560334283F} = {330A5A53-836E-441A-B21F-99619970FAAD}
		{9B90EBD4-993A-443E-B467-525CD1DFC1B0} = {330A5A53-836E-441A-B21F-99619970FAAD}
		{452B4831-7689-45DC-AF2B-8FD25582F68C} = {330A5A53-836E-441A-B21F-99619970FAAD}
		{BBA6F30F-B78D-41F8-861E-D26BC14429B0} = {330A5A53-836E-441A-B21F-99619970FAAD}
		{F83D461D-CD2A-4776-BC9D-B970D2FEFC2F} = {330A5A53-836E-441A-B21F-99619970FAAD}
		{80212AFF-5404-47DA-B459-2E61DB0A34B9} = {330A5A53-836E-441A-B21F-99619970FAAD}
		{FC067CB3-999E-473E-9C13-A04E629AE60A} = {330A5A53-836E-441A-B21F-99619970FAAD}
		{9EF95687-78E8-4438-B1AF-C34D54DFA530} = {330A5A53-836E-441A-B21F-99619970FAAD}
		{26512A4F-2E20-4A92-A095-DD10E96C7283} = {330A5A53-836E-441A-B21F-99619970FAAD}
		{C6A7973F-7AE3-49B3-9C64-34E40ECE1261} = {330A5A53-836E-441A-B21F-99619970FAAD}
		{F9D8980D-797A-4BD4-9591-501479618770} = {330A5A53-836E-441A-B21F-99619970FAAD}
		{1D7411C0-3986-4704-8C8C-11D7E5C1BB6C} = {330A5A53-836E-441A-B21F-99619970FAAD}
		{869956D2-29C5-4262-BDA0-0D613F8FE31B} = {330A5A53-836E-441A-B21F-99619970FAAD}
		{C4B6D110-539D-4DB1-AD43-C7533441A78E} = {330A5A53-836E-441A-B21F-99619970FAAD}
		{1608EAFE-470A-4B09-9F74-336550D7BF45} = {330A5A53-836E-441A-B21F-99619970FAAD}
		{5A10FB48-B5C6-4323-8D39-A1B2173267D2} = {330A5A53-836E-441A-B21F-99619970FAAD}
		{93894806-359A-44BD-8E68-D341357D003B} = {330A5A53-836E-441A-B21F-99619970FAAD}
		{9D4DB6B7-FF12-421E-8300-4F28ADAABD42} = {330A5A53-836E-441A-B21F-99619970FAAD}
		{F4DA6621-EBA3-4D1F-95B9-7560305F93FC} = {330A5A53-836E-441A-B21F-99619970FAAD}
		{E0AEB0B1-E438-49E7-BC0D-110AD8DB1080} = {330A5A53-836E-441A-B21F-99619970FAAD}
		{4334EE73-61A9-4336-B07F-A4C2E6484DE2} = {330A5A53-836E-441A-B21F-99619970FAAD}
		{3C48C0AC-1C03-46F7-BD33-ED6E0BC50A7E} = {330A5A53-836E-441A-B21F-99619970FAAD}
		{696ECECC-2D4D-4ABF-BE30-B8B255F69E6A} = {330A5A53-836E-441A-B21F-99619970FAAD}
		{5C1070F1-BFD0-4271-A89E-1CFD34402E31} = {330A5A53-836E-441A-B21F-99619970FAAD}
		{6016356E-41DA-4044-9965-E67EE581227A} = {330A5A53-836E-441A-B21F-99619970FAAD}
		{CD337A61-D32E-4B95-B088-51F599E7DC62} = {330A5A53-836E-441A-B21F-99619970FAAD}
		{EF1274F5-6A94-4B5A-9706-6EB3F885E74E} = {330A5A53-836E-441A-B21F-99619970FAAD}
		{7EF597BA-A732-4A91-8190-741BB80321F7} = {330A5A53-836E-441A-B21F-99619970FAAD}
		{182CA861-28FE-4B08-A6D1-5BBD1F9DDB26} = {330A5A53-836E-441A-B21F-99619970FAAD}
		{79C05490-AD0D-45EC-A7CC-2150CC2C4687} = {330A5A53-836E-441A-B21F-99619970FAAD}
		{B9444DC6-AC36-48A6-9345-0AF5E3646ACB} = {330A5A53-836E-441A-B21F-99619970FAAD}
		{C4793727-535E-4B8D-8449-1609358BD40C} = {330A5A53-836E-441A-B21F-99619970FAAD}
		{78B37CC2-079F-4543-B4C9-3150E2E0013A} = {330A5A53-836E-441A-B21F-99619970FAAD}
		{1A2CD709-EBBA-48FB-AA4C-787B3EC7407B} = {330A5A53-836E-441A-B21F-99619970FAAD}
		{F20A5DDA-EB34-4FF1-91DA-B678FB920EF7} = {330A5A53-836E-441A-B21F-99619970FAAD}
		{ED5BE903-6EB2-4506-B4C5-F31AC78ECF9F} = {330A5A53-836E-441A-B21F-99619970FAAD}
		{A7CC9173-E031-47DF-A295-7F8B9FD2D883} = {330A5A53-836E-441A-B21F-99619970FAAD}
		{FFC3416F-DF08-476E-A0BC-87FB4312D5D9} = {330A5A53-836E-441A-B21F-99619970FAAD}
		{9EBDE943-AEF7-49C6-91F6-F4A47B77EC4F} = {330A5A53-836E-441A-B21F-99619970FAAD}
		{5EF845A1-968E-4017-8797-710850870B97} = {330A5A53-836E-441A-B21F-99619970FAAD}
		{95149D86-40AD-49AE-89CA-3F2020F19460} = {330A5A53-836E-441A-B21F-99619970FAAD}
		{830922BE-02C3-4F04-8045-5D228A4A35CD} = {330A5A53-836E-441A-B21F-99619970FAAD}
		{D5D5ACBD-E1D0-431D-B083-16600064DBE7} = {330A5A53-836E-441A-B21F-99619970FAAD}
		{3A9F62FC-9572-4587-8470-40F87BC15A97} = {330A5A53-836E-441A-B21F-99619970FAAD}
		{50B01FE1-1F6A-4D42-A841-845E01477961} = {330A5A53-836E-441A-B21F-99619970FAAD}
	EndGlobalSection
	GlobalSection(SolutionConfigurationPlatforms) = preSolution
		Debug|Any CPU = Debug|Any CPU
		Release|Any CPU = Release|Any CPU
	EndGlobalSection
	GlobalSection(ProjectConfigurationPlatforms) = postSolution
		{EE802A6E-89D2-4649-89CC-D7903FECA29B}.Debug|Any CPU.ActiveCfg = Debug|Any CPU
		{EE802A6E-89D2-4649-89CC-D7903FECA29B}.Debug|Any CPU.Build.0 = Debug|Any CPU
		{EE802A6E-89D2-4649-89CC-D7903FECA29B}.Release|Any CPU.ActiveCfg = Release|Any CPU
		{EE802A6E-89D2-4649-89CC-D7903FECA29B}.Release|Any CPU.Build.0 = Release|Any CPU
		{434E7B10-FCDC-4FD2-B23E-A0936363661E}.Debug|Any CPU.ActiveCfg = Debug|Any CPU
		{434E7B10-FCDC-4FD2-B23E-A0936363661E}.Debug|Any CPU.Build.0 = Debug|Any CPU
		{434E7B10-FCDC-4FD2-B23E-A0936363661E}.Release|Any CPU.ActiveCfg = Release|Any CPU
		{434E7B10-FCDC-4FD2-B23E-A0936363661E}.Release|Any CPU.Build.0 = Release|Any CPU
		{78C10F15-446E-4191-A992-829B94A9CEA3}.Debug|Any CPU.ActiveCfg = Debug|Any CPU
		{78C10F15-446E-4191-A992-829B94A9CEA3}.Debug|Any CPU.Build.0 = Debug|Any CPU
		{78C10F15-446E-4191-A992-829B94A9CEA3}.Release|Any CPU.ActiveCfg = Release|Any CPU
		{78C10F15-446E-4191-A992-829B94A9CEA3}.Release|Any CPU.Build.0 = Release|Any CPU
		{594E8D09-E975-45C6-8D6B-1B058AF21119}.Debug|Any CPU.ActiveCfg = Debug|Any CPU
		{594E8D09-E975-45C6-8D6B-1B058AF21119}.Debug|Any CPU.Build.0 = Debug|Any CPU
		{594E8D09-E975-45C6-8D6B-1B058AF21119}.Release|Any CPU.ActiveCfg = Release|Any CPU
		{594E8D09-E975-45C6-8D6B-1B058AF21119}.Release|Any CPU.Build.0 = Release|Any CPU
		{DE00CCDA-4D4E-4027-9C8D-AACD5364C992}.Debug|Any CPU.ActiveCfg = Debug|Any CPU
		{DE00CCDA-4D4E-4027-9C8D-AACD5364C992}.Debug|Any CPU.Build.0 = Debug|Any CPU
		{DE00CCDA-4D4E-4027-9C8D-AACD5364C992}.Release|Any CPU.ActiveCfg = Release|Any CPU
		{DE00CCDA-4D4E-4027-9C8D-AACD5364C992}.Release|Any CPU.Build.0 = Release|Any CPU
		{6C43E219-50DA-44C6-B336-CD0B76635672}.Debug|Any CPU.ActiveCfg = Debug|Any CPU
		{6C43E219-50DA-44C6-B336-CD0B76635672}.Debug|Any CPU.Build.0 = Debug|Any CPU
		{6C43E219-50DA-44C6-B336-CD0B76635672}.Release|Any CPU.ActiveCfg = Release|Any CPU
		{6C43E219-50DA-44C6-B336-CD0B76635672}.Release|Any CPU.Build.0 = Release|Any CPU
		{48AC51D9-683E-47B8-A81F-8B40EF9D683C}.Debug|Any CPU.ActiveCfg = Debug|Any CPU
		{48AC51D9-683E-47B8-A81F-8B40EF9D683C}.Debug|Any CPU.Build.0 = Debug|Any CPU
		{48AC51D9-683E-47B8-A81F-8B40EF9D683C}.Release|Any CPU.ActiveCfg = Release|Any CPU
		{48AC51D9-683E-47B8-A81F-8B40EF9D683C}.Release|Any CPU.Build.0 = Release|Any CPU
		{DA972103-0189-4CD0-9216-8DE60F29EE56}.Debug|Any CPU.ActiveCfg = Debug|Any CPU
		{DA972103-0189-4CD0-9216-8DE60F29EE56}.Debug|Any CPU.Build.0 = Debug|Any CPU
		{DA972103-0189-4CD0-9216-8DE60F29EE56}.Release|Any CPU.ActiveCfg = Release|Any CPU
		{DA972103-0189-4CD0-9216-8DE60F29EE56}.Release|Any CPU.Build.0 = Release|Any CPU
		{CE8117D0-A0D9-4C27-ABAE-222D7B206486}.Debug|Any CPU.ActiveCfg = Debug|Any CPU
		{CE8117D0-A0D9-4C27-ABAE-222D7B206486}.Debug|Any CPU.Build.0 = Debug|Any CPU
		{CE8117D0-A0D9-4C27-ABAE-222D7B206486}.Release|Any CPU.ActiveCfg = Release|Any CPU
		{CE8117D0-A0D9-4C27-ABAE-222D7B206486}.Release|Any CPU.Build.0 = Release|Any CPU
		{25D57C0A-7D48-458E-A733-C11ECB1EEB80}.Debug|Any CPU.ActiveCfg = Debug|Any CPU
		{25D57C0A-7D48-458E-A733-C11ECB1EEB80}.Debug|Any CPU.Build.0 = Debug|Any CPU
		{25D57C0A-7D48-458E-A733-C11ECB1EEB80}.Release|Any CPU.ActiveCfg = Release|Any CPU
		{25D57C0A-7D48-458E-A733-C11ECB1EEB80}.Release|Any CPU.Build.0 = Release|Any CPU
		{B2F8E60E-7A80-4B21-B5E6-1E3164760E09}.Debug|Any CPU.ActiveCfg = Debug|Any CPU
		{B2F8E60E-7A80-4B21-B5E6-1E3164760E09}.Debug|Any CPU.Build.0 = Debug|Any CPU
		{B2F8E60E-7A80-4B21-B5E6-1E3164760E09}.Release|Any CPU.ActiveCfg = Release|Any CPU
		{B2F8E60E-7A80-4B21-B5E6-1E3164760E09}.Release|Any CPU.Build.0 = Release|Any CPU
		{D419E6DD-6C54-4EC2-A663-214E45FBCD3B}.Debug|Any CPU.ActiveCfg = Debug|Any CPU
		{D419E6DD-6C54-4EC2-A663-214E45FBCD3B}.Debug|Any CPU.Build.0 = Debug|Any CPU
		{D419E6DD-6C54-4EC2-A663-214E45FBCD3B}.Release|Any CPU.ActiveCfg = Release|Any CPU
		{D419E6DD-6C54-4EC2-A663-214E45FBCD3B}.Release|Any CPU.Build.0 = Release|Any CPU
		{D4993FC2-DBCB-4C45-A769-68560334283F}.Debug|Any CPU.ActiveCfg = Debug|Any CPU
		{D4993FC2-DBCB-4C45-A769-68560334283F}.Debug|Any CPU.Build.0 = Debug|Any CPU
		{D4993FC2-DBCB-4C45-A769-68560334283F}.Release|Any CPU.ActiveCfg = Release|Any CPU
		{D4993FC2-DBCB-4C45-A769-68560334283F}.Release|Any CPU.Build.0 = Release|Any CPU
		{9B90EBD4-993A-443E-B467-525CD1DFC1B0}.Debug|Any CPU.ActiveCfg = Debug|Any CPU
		{9B90EBD4-993A-443E-B467-525CD1DFC1B0}.Debug|Any CPU.Build.0 = Debug|Any CPU
		{9B90EBD4-993A-443E-B467-525CD1DFC1B0}.Release|Any CPU.ActiveCfg = Release|Any CPU
		{9B90EBD4-993A-443E-B467-525CD1DFC1B0}.Release|Any CPU.Build.0 = Release|Any CPU
		{452B4831-7689-45DC-AF2B-8FD25582F68C}.Debug|Any CPU.ActiveCfg = Debug|Any CPU
		{452B4831-7689-45DC-AF2B-8FD25582F68C}.Debug|Any CPU.Build.0 = Debug|Any CPU
		{452B4831-7689-45DC-AF2B-8FD25582F68C}.Release|Any CPU.ActiveCfg = Release|Any CPU
		{452B4831-7689-45DC-AF2B-8FD25582F68C}.Release|Any CPU.Build.0 = Release|Any CPU
		{BBA6F30F-B78D-41F8-861E-D26BC14429B0}.Debug|Any CPU.ActiveCfg = Debug|Any CPU
		{BBA6F30F-B78D-41F8-861E-D26BC14429B0}.Debug|Any CPU.Build.0 = Debug|Any CPU
		{BBA6F30F-B78D-41F8-861E-D26BC14429B0}.Release|Any CPU.ActiveCfg = Release|Any CPU
		{BBA6F30F-B78D-41F8-861E-D26BC14429B0}.Release|Any CPU.Build.0 = Release|Any CPU
		{F83D461D-CD2A-4776-BC9D-B970D2FEFC2F}.Debug|Any CPU.ActiveCfg = Debug|Any CPU
		{F83D461D-CD2A-4776-BC9D-B970D2FEFC2F}.Debug|Any CPU.Build.0 = Debug|Any CPU
		{F83D461D-CD2A-4776-BC9D-B970D2FEFC2F}.Release|Any CPU.ActiveCfg = Release|Any CPU
		{F83D461D-CD2A-4776-BC9D-B970D2FEFC2F}.Release|Any CPU.Build.0 = Release|Any CPU
		{80212AFF-5404-47DA-B459-2E61DB0A34B9}.Debug|Any CPU.ActiveCfg = Debug|Any CPU
		{80212AFF-5404-47DA-B459-2E61DB0A34B9}.Debug|Any CPU.Build.0 = Debug|Any CPU
		{80212AFF-5404-47DA-B459-2E61DB0A34B9}.Release|Any CPU.ActiveCfg = Release|Any CPU
		{80212AFF-5404-47DA-B459-2E61DB0A34B9}.Release|Any CPU.Build.0 = Release|Any CPU
		{FC067CB3-999E-473E-9C13-A04E629AE60A}.Debug|Any CPU.ActiveCfg = Debug|Any CPU
		{FC067CB3-999E-473E-9C13-A04E629AE60A}.Debug|Any CPU.Build.0 = Debug|Any CPU
		{FC067CB3-999E-473E-9C13-A04E629AE60A}.Release|Any CPU.ActiveCfg = Release|Any CPU
		{FC067CB3-999E-473E-9C13-A04E629AE60A}.Release|Any CPU.Build.0 = Release|Any CPU
		{9EF95687-78E8-4438-B1AF-C34D54DFA530}.Debug|Any CPU.ActiveCfg = Debug|Any CPU
		{9EF95687-78E8-4438-B1AF-C34D54DFA530}.Debug|Any CPU.Build.0 = Debug|Any CPU
		{9EF95687-78E8-4438-B1AF-C34D54DFA530}.Release|Any CPU.ActiveCfg = Release|Any CPU
		{9EF95687-78E8-4438-B1AF-C34D54DFA530}.Release|Any CPU.Build.0 = Release|Any CPU
		{26512A4F-2E20-4A92-A095-DD10E96C7283}.Debug|Any CPU.ActiveCfg = Debug|Any CPU
		{26512A4F-2E20-4A92-A095-DD10E96C7283}.Debug|Any CPU.Build.0 = Debug|Any CPU
		{26512A4F-2E20-4A92-A095-DD10E96C7283}.Release|Any CPU.ActiveCfg = Release|Any CPU
		{26512A4F-2E20-4A92-A095-DD10E96C7283}.Release|Any CPU.Build.0 = Release|Any CPU
		{C6A7973F-7AE3-49B3-9C64-34E40ECE1261}.Debug|Any CPU.ActiveCfg = Debug|Any CPU
		{C6A7973F-7AE3-49B3-9C64-34E40ECE1261}.Debug|Any CPU.Build.0 = Debug|Any CPU
		{C6A7973F-7AE3-49B3-9C64-34E40ECE1261}.Release|Any CPU.ActiveCfg = Release|Any CPU
		{C6A7973F-7AE3-49B3-9C64-34E40ECE1261}.Release|Any CPU.Build.0 = Release|Any CPU
		{F9D8980D-797A-4BD4-9591-501479618770}.Debug|Any CPU.ActiveCfg = Debug|Any CPU
		{F9D8980D-797A-4BD4-9591-501479618770}.Debug|Any CPU.Build.0 = Debug|Any CPU
		{F9D8980D-797A-4BD4-9591-501479618770}.Release|Any CPU.ActiveCfg = Release|Any CPU
		{F9D8980D-797A-4BD4-9591-501479618770}.Release|Any CPU.Build.0 = Release|Any CPU
		{1D7411C0-3986-4704-8C8C-11D7E5C1BB6C}.Debug|Any CPU.ActiveCfg = Debug|Any CPU
		{1D7411C0-3986-4704-8C8C-11D7E5C1BB6C}.Debug|Any CPU.Build.0 = Debug|Any CPU
		{1D7411C0-3986-4704-8C8C-11D7E5C1BB6C}.Release|Any CPU.ActiveCfg = Release|Any CPU
		{1D7411C0-3986-4704-8C8C-11D7E5C1BB6C}.Release|Any CPU.Build.0 = Release|Any CPU
		{869956D2-29C5-4262-BDA0-0D613F8FE31B}.Debug|Any CPU.ActiveCfg = Debug|Any CPU
		{869956D2-29C5-4262-BDA0-0D613F8FE31B}.Debug|Any CPU.Build.0 = Debug|Any CPU
		{869956D2-29C5-4262-BDA0-0D613F8FE31B}.Release|Any CPU.ActiveCfg = Release|Any CPU
		{869956D2-29C5-4262-BDA0-0D613F8FE31B}.Release|Any CPU.Build.0 = Release|Any CPU
		{C4B6D110-539D-4DB1-AD43-C7533441A78E}.Debug|Any CPU.ActiveCfg = Debug|Any CPU
		{C4B6D110-539D-4DB1-AD43-C7533441A78E}.Debug|Any CPU.Build.0 = Debug|Any CPU
		{C4B6D110-539D-4DB1-AD43-C7533441A78E}.Release|Any CPU.ActiveCfg = Release|Any CPU
		{C4B6D110-539D-4DB1-AD43-C7533441A78E}.Release|Any CPU.Build.0 = Release|Any CPU
		{1608EAFE-470A-4B09-9F74-336550D7BF45}.Debug|Any CPU.ActiveCfg = Debug|Any CPU
		{1608EAFE-470A-4B09-9F74-336550D7BF45}.Debug|Any CPU.Build.0 = Debug|Any CPU
		{1608EAFE-470A-4B09-9F74-336550D7BF45}.Release|Any CPU.ActiveCfg = Release|Any CPU
		{1608EAFE-470A-4B09-9F74-336550D7BF45}.Release|Any CPU.Build.0 = Release|Any CPU
		{5A10FB48-B5C6-4323-8D39-A1B2173267D2}.Debug|Any CPU.ActiveCfg = Debug|Any CPU
		{5A10FB48-B5C6-4323-8D39-A1B2173267D2}.Debug|Any CPU.Build.0 = Debug|Any CPU
		{5A10FB48-B5C6-4323-8D39-A1B2173267D2}.Release|Any CPU.ActiveCfg = Release|Any CPU
		{5A10FB48-B5C6-4323-8D39-A1B2173267D2}.Release|Any CPU.Build.0 = Release|Any CPU
		{93894806-359A-44BD-8E68-D341357D003B}.Debug|Any CPU.ActiveCfg = Debug|Any CPU
		{93894806-359A-44BD-8E68-D341357D003B}.Debug|Any CPU.Build.0 = Debug|Any CPU
		{93894806-359A-44BD-8E68-D341357D003B}.Release|Any CPU.ActiveCfg = Release|Any CPU
		{93894806-359A-44BD-8E68-D341357D003B}.Release|Any CPU.Build.0 = Release|Any CPU
		{9D4DB6B7-FF12-421E-8300-4F28ADAABD42}.Debug|Any CPU.ActiveCfg = Debug|Any CPU
		{9D4DB6B7-FF12-421E-8300-4F28ADAABD42}.Debug|Any CPU.Build.0 = Debug|Any CPU
		{9D4DB6B7-FF12-421E-8300-4F28ADAABD42}.Release|Any CPU.ActiveCfg = Release|Any CPU
		{9D4DB6B7-FF12-421E-8300-4F28ADAABD42}.Release|Any CPU.Build.0 = Release|Any CPU
		{F4DA6621-EBA3-4D1F-95B9-7560305F93FC}.Debug|Any CPU.ActiveCfg = Debug|Any CPU
		{F4DA6621-EBA3-4D1F-95B9-7560305F93FC}.Debug|Any CPU.Build.0 = Debug|Any CPU
		{F4DA6621-EBA3-4D1F-95B9-7560305F93FC}.Release|Any CPU.ActiveCfg = Release|Any CPU
		{F4DA6621-EBA3-4D1F-95B9-7560305F93FC}.Release|Any CPU.Build.0 = Release|Any CPU
		{E0AEB0B1-E438-49E7-BC0D-110AD8DB1080}.Debug|Any CPU.ActiveCfg = Debug|Any CPU
		{E0AEB0B1-E438-49E7-BC0D-110AD8DB1080}.Debug|Any CPU.Build.0 = Debug|Any CPU
		{E0AEB0B1-E438-49E7-BC0D-110AD8DB1080}.Release|Any CPU.ActiveCfg = Release|Any CPU
		{E0AEB0B1-E438-49E7-BC0D-110AD8DB1080}.Release|Any CPU.Build.0 = Release|Any CPU
		{4334EE73-61A9-4336-B07F-A4C2E6484DE2}.Debug|Any CPU.ActiveCfg = Debug|Any CPU
		{4334EE73-61A9-4336-B07F-A4C2E6484DE2}.Debug|Any CPU.Build.0 = Debug|Any CPU
		{4334EE73-61A9-4336-B07F-A4C2E6484DE2}.Release|Any CPU.ActiveCfg = Release|Any CPU
		{4334EE73-61A9-4336-B07F-A4C2E6484DE2}.Release|Any CPU.Build.0 = Release|Any CPU
		{3C48C0AC-1C03-46F7-BD33-ED6E0BC50A7E}.Debug|Any CPU.ActiveCfg = Debug|Any CPU
		{3C48C0AC-1C03-46F7-BD33-ED6E0BC50A7E}.Debug|Any CPU.Build.0 = Debug|Any CPU
		{3C48C0AC-1C03-46F7-BD33-ED6E0BC50A7E}.Release|Any CPU.ActiveCfg = Release|Any CPU
		{3C48C0AC-1C03-46F7-BD33-ED6E0BC50A7E}.Release|Any CPU.Build.0 = Release|Any CPU
		{696ECECC-2D4D-4ABF-BE30-B8B255F69E6A}.Debug|Any CPU.ActiveCfg = Debug|Any CPU
		{696ECECC-2D4D-4ABF-BE30-B8B255F69E6A}.Debug|Any CPU.Build.0 = Debug|Any CPU
		{696ECECC-2D4D-4ABF-BE30-B8B255F69E6A}.Release|Any CPU.ActiveCfg = Release|Any CPU
		{696ECECC-2D4D-4ABF-BE30-B8B255F69E6A}.Release|Any CPU.Build.0 = Release|Any CPU
		{5C1070F1-BFD0-4271-A89E-1CFD34402E31}.Debug|Any CPU.ActiveCfg = Debug|Any CPU
		{5C1070F1-BFD0-4271-A89E-1CFD34402E31}.Debug|Any CPU.Build.0 = Debug|Any CPU
		{5C1070F1-BFD0-4271-A89E-1CFD34402E31}.Release|Any CPU.ActiveCfg = Release|Any CPU
		{5C1070F1-BFD0-4271-A89E-1CFD34402E31}.Release|Any CPU.Build.0 = Release|Any CPU
		{6016356E-41DA-4044-9965-E67EE581227A}.Debug|Any CPU.ActiveCfg = Debug|Any CPU
		{6016356E-41DA-4044-9965-E67EE581227A}.Debug|Any CPU.Build.0 = Debug|Any CPU
		{6016356E-41DA-4044-9965-E67EE581227A}.Release|Any CPU.ActiveCfg = Release|Any CPU
		{6016356E-41DA-4044-9965-E67EE581227A}.Release|Any CPU.Build.0 = Release|Any CPU
		{CD337A61-D32E-4B95-B088-51F599E7DC62}.Debug|Any CPU.ActiveCfg = Debug|Any CPU
		{CD337A61-D32E-4B95-B088-51F599E7DC62}.Debug|Any CPU.Build.0 = Debug|Any CPU
		{CD337A61-D32E-4B95-B088-51F599E7DC62}.Release|Any CPU.ActiveCfg = Release|Any CPU
		{CD337A61-D32E-4B95-B088-51F599E7DC62}.Release|Any CPU.Build.0 = Release|Any CPU
		{EF1274F5-6A94-4B5A-9706-6EB3F885E74E}.Debug|Any CPU.ActiveCfg = Debug|Any CPU
		{EF1274F5-6A94-4B5A-9706-6EB3F885E74E}.Debug|Any CPU.Build.0 = Debug|Any CPU
		{EF1274F5-6A94-4B5A-9706-6EB3F885E74E}.Release|Any CPU.ActiveCfg = Release|Any CPU
		{EF1274F5-6A94-4B5A-9706-6EB3F885E74E}.Release|Any CPU.Build.0 = Release|Any CPU
		{7EF597BA-A732-4A91-8190-741BB80321F7}.Debug|Any CPU.ActiveCfg = Debug|Any CPU
		{7EF597BA-A732-4A91-8190-741BB80321F7}.Debug|Any CPU.Build.0 = Debug|Any CPU
		{7EF597BA-A732-4A91-8190-741BB80321F7}.Release|Any CPU.ActiveCfg = Release|Any CPU
		{7EF597BA-A732-4A91-8190-741BB80321F7}.Release|Any CPU.Build.0 = Release|Any CPU
		{182CA861-28FE-4B08-A6D1-5BBD1F9DDB26}.Debug|Any CPU.ActiveCfg = Debug|Any CPU
		{182CA861-28FE-4B08-A6D1-5BBD1F9DDB26}.Debug|Any CPU.Build.0 = Debug|Any CPU
		{182CA861-28FE-4B08-A6D1-5BBD1F9DDB26}.Release|Any CPU.ActiveCfg = Release|Any CPU
		{182CA861-28FE-4B08-A6D1-5BBD1F9DDB26}.Release|Any CPU.Build.0 = Release|Any CPU
		{79C05490-AD0D-45EC-A7CC-2150CC2C4687}.Debug|Any CPU.ActiveCfg = Debug|Any CPU
		{79C05490-AD0D-45EC-A7CC-2150CC2C4687}.Debug|Any CPU.Build.0 = Debug|Any CPU
		{79C05490-AD0D-45EC-A7CC-2150CC2C4687}.Release|Any CPU.ActiveCfg = Release|Any CPU
		{79C05490-AD0D-45EC-A7CC-2150CC2C4687}.Release|Any CPU.Build.0 = Release|Any CPU
		{B9444DC6-AC36-48A6-9345-0AF5E3646ACB}.Debug|Any CPU.ActiveCfg = Debug|Any CPU
		{B9444DC6-AC36-48A6-9345-0AF5E3646ACB}.Debug|Any CPU.Build.0 = Debug|Any CPU
		{B9444DC6-AC36-48A6-9345-0AF5E3646ACB}.Release|Any CPU.ActiveCfg = Release|Any CPU
		{B9444DC6-AC36-48A6-9345-0AF5E3646ACB}.Release|Any CPU.Build.0 = Release|Any CPU
		{C4793727-535E-4B8D-8449-1609358BD40C}.Debug|Any CPU.ActiveCfg = Debug|Any CPU
		{C4793727-535E-4B8D-8449-1609358BD40C}.Debug|Any CPU.Build.0 = Debug|Any CPU
		{C4793727-535E-4B8D-8449-1609358BD40C}.Release|Any CPU.ActiveCfg = Release|Any CPU
		{C4793727-535E-4B8D-8449-1609358BD40C}.Release|Any CPU.Build.0 = Release|Any CPU
		{78B37CC2-079F-4543-B4C9-3150E2E0013A}.Debug|Any CPU.ActiveCfg = Debug|Any CPU
		{78B37CC2-079F-4543-B4C9-3150E2E0013A}.Debug|Any CPU.Build.0 = Debug|Any CPU
		{78B37CC2-079F-4543-B4C9-3150E2E0013A}.Release|Any CPU.ActiveCfg = Release|Any CPU
		{78B37CC2-079F-4543-B4C9-3150E2E0013A}.Release|Any CPU.Build.0 = Release|Any CPU
		{1A2CD709-EBBA-48FB-AA4C-787B3EC7407B}.Debug|Any CPU.ActiveCfg = Debug|Any CPU
		{1A2CD709-EBBA-48FB-AA4C-787B3EC7407B}.Debug|Any CPU.Build.0 = Debug|Any CPU
		{1A2CD709-EBBA-48FB-AA4C-787B3EC7407B}.Release|Any CPU.ActiveCfg = Release|Any CPU
		{1A2CD709-EBBA-48FB-AA4C-787B3EC7407B}.Release|Any CPU.Build.0 = Release|Any CPU
		{F20A5DDA-EB34-4FF1-91DA-B678FB920EF7}.Debug|Any CPU.ActiveCfg = Debug|Any CPU
		{F20A5DDA-EB34-4FF1-91DA-B678FB920EF7}.Debug|Any CPU.Build.0 = Debug|Any CPU
		{F20A5DDA-EB34-4FF1-91DA-B678FB920EF7}.Release|Any CPU.ActiveCfg = Release|Any CPU
		{F20A5DDA-EB34-4FF1-91DA-B678FB920EF7}.Release|Any CPU.Build.0 = Release|Any CPU
		{ED5BE903-6EB2-4506-B4C5-F31AC78ECF9F}.Debug|Any CPU.ActiveCfg = Debug|Any CPU
		{ED5BE903-6EB2-4506-B4C5-F31AC78ECF9F}.Debug|Any CPU.Build.0 = Debug|Any CPU
		{ED5BE903-6EB2-4506-B4C5-F31AC78ECF9F}.Release|Any CPU.ActiveCfg = Release|Any CPU
		{ED5BE903-6EB2-4506-B4C5-F31AC78ECF9F}.Release|Any CPU.Build.0 = Release|Any CPU
		{A7CC9173-E031-47DF-A295-7F8B9FD2D883}.Debug|Any CPU.ActiveCfg = Debug|Any CPU
		{A7CC9173-E031-47DF-A295-7F8B9FD2D883}.Debug|Any CPU.Build.0 = Debug|Any CPU
		{A7CC9173-E031-47DF-A295-7F8B9FD2D883}.Release|Any CPU.ActiveCfg = Release|Any CPU
		{A7CC9173-E031-47DF-A295-7F8B9FD2D883}.Release|Any CPU.Build.0 = Release|Any CPU
		{FFC3416F-DF08-476E-A0BC-87FB4312D5D9}.Debug|Any CPU.ActiveCfg = Debug|Any CPU
		{FFC3416F-DF08-476E-A0BC-87FB4312D5D9}.Debug|Any CPU.Build.0 = Debug|Any CPU
		{FFC3416F-DF08-476E-A0BC-87FB4312D5D9}.Release|Any CPU.ActiveCfg = Release|Any CPU
		{FFC3416F-DF08-476E-A0BC-87FB4312D5D9}.Release|Any CPU.Build.0 = Release|Any CPU
		{9EBDE943-AEF7-49C6-91F6-F4A47B77EC4F}.Debug|Any CPU.ActiveCfg = Debug|Any CPU
		{9EBDE943-AEF7-49C6-91F6-F4A47B77EC4F}.Debug|Any CPU.Build.0 = Debug|Any CPU
		{9EBDE943-AEF7-49C6-91F6-F4A47B77EC4F}.Release|Any CPU.ActiveCfg = Release|Any CPU
		{9EBDE943-AEF7-49C6-91F6-F4A47B77EC4F}.Release|Any CPU.Build.0 = Release|Any CPU
		{5EF845A1-968E-4017-8797-710850870B97}.Debug|Any CPU.ActiveCfg = Debug|Any CPU
		{5EF845A1-968E-4017-8797-710850870B97}.Debug|Any CPU.Build.0 = Debug|Any CPU
		{5EF845A1-968E-4017-8797-710850870B97}.Release|Any CPU.ActiveCfg = Release|Any CPU
		{5EF845A1-968E-4017-8797-710850870B97}.Release|Any CPU.Build.0 = Release|Any CPU
		{95149D86-40AD-49AE-89CA-3F2020F19460}.Debug|Any CPU.ActiveCfg = Debug|Any CPU
		{95149D86-40AD-49AE-89CA-3F2020F19460}.Debug|Any CPU.Build.0 = Debug|Any CPU
		{95149D86-40AD-49AE-89CA-3F2020F19460}.Release|Any CPU.ActiveCfg = Release|Any CPU
		{95149D86-40AD-49AE-89CA-3F2020F19460}.Release|Any CPU.Build.0 = Release|Any CPU
		{830922BE-02C3-4F04-8045-5D228A4A35CD}.Debug|Any CPU.ActiveCfg = Debug|Any CPU
		{830922BE-02C3-4F04-8045-5D228A4A35CD}.Debug|Any CPU.Build.0 = Debug|Any CPU
		{830922BE-02C3-4F04-8045-5D228A4A35CD}.Release|Any CPU.ActiveCfg = Release|Any CPU
		{830922BE-02C3-4F04-8045-5D228A4A35CD}.Release|Any CPU.Build.0 = Release|Any CPU
		{D5D5ACBD-E1D0-431D-B083-16600064DBE7}.Debug|Any CPU.ActiveCfg = Debug|Any CPU
		{D5D5ACBD-E1D0-431D-B083-16600064DBE7}.Debug|Any CPU.Build.0 = Debug|Any CPU
		{D5D5ACBD-E1D0-431D-B083-16600064DBE7}.Release|Any CPU.ActiveCfg = Release|Any CPU
		{D5D5ACBD-E1D0-431D-B083-16600064DBE7}.Release|Any CPU.Build.0 = Release|Any CPU
		{3A9F62FC-9572-4587-8470-40F87BC15A97}.Debug|Any CPU.ActiveCfg = Debug|Any CPU
		{3A9F62FC-9572-4587-8470-40F87BC15A97}.Debug|Any CPU.Build.0 = Debug|Any CPU
		{3A9F62FC-9572-4587-8470-40F87BC15A97}.Release|Any CPU.ActiveCfg = Release|Any CPU
		{3A9F62FC-9572-4587-8470-40F87BC15A97}.Release|Any CPU.Build.0 = Release|Any CPU
		{50B01FE1-1F6A-4D42-A841-845E01477961}.Debug|Any CPU.ActiveCfg = Debug|Any CPU
		{50B01FE1-1F6A-4D42-A841-845E01477961}.Debug|Any CPU.Build.0 = Debug|Any CPU
		{50B01FE1-1F6A-4D42-A841-845E01477961}.Release|Any CPU.ActiveCfg = Release|Any CPU
		{50B01FE1-1F6A-4D42-A841-845E01477961}.Release|Any CPU.Build.0 = Release|Any CPU
		{FD2D066E-94FC-49AA-B4F6-09FAC04575CB}.Debug|Any CPU.ActiveCfg = Debug|Any CPU
		{FD2D066E-94FC-49AA-B4F6-09FAC04575CB}.Debug|Any CPU.Build.0 = Debug|Any CPU
		{FD2D066E-94FC-49AA-B4F6-09FAC04575CB}.Release|Any CPU.ActiveCfg = Release|Any CPU
		{FD2D066E-94FC-49AA-B4F6-09FAC04575CB}.Release|Any CPU.Build.0 = Release|Any CPU
	EndGlobalSection
	GlobalSection(SolutionProperties) = preSolution
		HideSolutionNode = FALSE
	EndGlobalSection
	GlobalSection(ExtensibilityGlobals) = postSolution
		SolutionGuid = {452CC6FE-50B6-4B0B-BDED-BD57B86CFAA7}
	EndGlobalSection
EndGlobal
